// !$*UTF8*$!
{
	archiveVersion = 1;
	classes = {
	};
	objectVersion = 50;
	objects = {

/* Begin PBXBuildFile section */
		D55BE46625862F6A0098598D /* DownloadButton.swift in Sources */ = {isa = PBXBuildFile; fileRef = D55BE46525862F6A0098598D /* DownloadButton.swift */; };
		D55C48E4257E5450002675A2 /* GlobalHelpers.swift in Sources */ = {isa = PBXBuildFile; fileRef = D55C48E3257E5450002675A2 /* GlobalHelpers.swift */; };
		D5F0B60C256DAA10003429E4 /* SwiftUI_AnimationApp.swift in Sources */ = {isa = PBXBuildFile; fileRef = D5F0B60B256DAA10003429E4 /* SwiftUI_AnimationApp.swift */; };
		D5F0B60E256DAA10003429E4 /* ContentView.swift in Sources */ = {isa = PBXBuildFile; fileRef = D5F0B60D256DAA10003429E4 /* ContentView.swift */; };
		D5F0B610256DAA13003429E4 /* Assets.xcassets in Resources */ = {isa = PBXBuildFile; fileRef = D5F0B60F256DAA13003429E4 /* Assets.xcassets */; };
		D5F0B613256DAA13003429E4 /* Preview Assets.xcassets in Resources */ = {isa = PBXBuildFile; fileRef = D5F0B612256DAA13003429E4 /* Preview Assets.xcassets */; };
		D5F0B61D256DAA4E003429E4 /* Spinner.swift in Sources */ = {isa = PBXBuildFile; fileRef = D5F0B61C256DAA4E003429E4 /* Spinner.swift */; };
/* End PBXBuildFile section */

/* Begin PBXFileReference section */
		D55BE46525862F6A0098598D /* DownloadButton.swift */ = {isa = PBXFileReference; lastKnownFileType = sourcecode.swift; path = DownloadButton.swift; sourceTree = "<group>"; };
		D55C48E3257E5450002675A2 /* GlobalHelpers.swift */ = {isa = PBXFileReference; lastKnownFileType = sourcecode.swift; path = GlobalHelpers.swift; sourceTree = "<group>"; };
		D5F0B608256DAA10003429E4 /* SwiftUI-Animation.app */ = {isa = PBXFileReference; explicitFileType = wrapper.application; includeInIndex = 0; path = "SwiftUI-Animation.app"; sourceTree = BUILT_PRODUCTS_DIR; };
		D5F0B60B256DAA10003429E4 /* SwiftUI_AnimationApp.swift */ = {isa = PBXFileReference; lastKnownFileType = sourcecode.swift; path = SwiftUI_AnimationApp.swift; sourceTree = "<group>"; };
		D5F0B60D256DAA10003429E4 /* ContentView.swift */ = {isa = PBXFileReference; lastKnownFileType = sourcecode.swift; path = ContentView.swift; sourceTree = "<group>"; };
		D5F0B60F256DAA13003429E4 /* Assets.xcassets */ = {isa = PBXFileReference; lastKnownFileType = folder.assetcatalog; path = Assets.xcassets; sourceTree = "<group>"; };
		D5F0B612256DAA13003429E4 /* Preview Assets.xcassets */ = {isa = PBXFileReference; lastKnownFileType = folder.assetcatalog; path = "Preview Assets.xcassets"; sourceTree = "<group>"; };
		D5F0B614256DAA13003429E4 /* Info.plist */ = {isa = PBXFileReference; lastKnownFileType = text.plist.xml; path = Info.plist; sourceTree = "<group>"; };
		D5F0B61C256DAA4E003429E4 /* Spinner.swift */ = {isa = PBXFileReference; lastKnownFileType = sourcecode.swift; path = Spinner.swift; sourceTree = "<group>"; };
/* End PBXFileReference section */

/* Begin PBXFrameworksBuildPhase section */
		D5F0B605256DAA10003429E4 /* Frameworks */ = {
			isa = PBXFrameworksBuildPhase;
			buildActionMask = 2147483647;
			files = (
			);
			runOnlyForDeploymentPostprocessing = 0;
		};
/* End PBXFrameworksBuildPhase section */

/* Begin PBXGroup section */
		D55BE4612584FBD70098598D /* LoadingSpinner */ = {
			isa = PBXGroup;
			children = (
				D5F0B61C256DAA4E003429E4 /* Spinner.swift */,
			);
			path = LoadingSpinner;
			sourceTree = "<group>";
		};
		D55BE46425862F4F0098598D /* DownloadButton */ = {
			isa = PBXGroup;
			children = (
				D55BE46525862F6A0098598D /* DownloadButton.swift */,
			);
			path = DownloadButton;
			sourceTree = "<group>";
		};
		D55C48E2257E542B002675A2 /* Helpers */ = {
			isa = PBXGroup;
			children = (
				D55C48E3257E5450002675A2 /* GlobalHelpers.swift */,
			);
			path = Helpers;
			sourceTree = "<group>";
		};
		D5F0B5FF256DAA10003429E4 = {
			isa = PBXGroup;
			children = (
				D5F0B60A256DAA10003429E4 /* SwiftUI-Animation */,
				D5F0B609256DAA10003429E4 /* Products */,
			);
			sourceTree = "<group>";
		};
		D5F0B609256DAA10003429E4 /* Products */ = {
			isa = PBXGroup;
			children = (
				D5F0B608256DAA10003429E4 /* SwiftUI-Animation.app */,
			);
			name = Products;
			sourceTree = "<group>";
		};
		D5F0B60A256DAA10003429E4 /* SwiftUI-Animation */ = {
			isa = PBXGroup;
			children = (
				D5F0B61B256DAA3E003429E4 /* Animations */,
				D55C48E2257E542B002675A2 /* Helpers */,
				D5F0B60B256DAA10003429E4 /* SwiftUI_AnimationApp.swift */,
				D5F0B60D256DAA10003429E4 /* ContentView.swift */,
				D5F0B60F256DAA13003429E4 /* Assets.xcassets */,
				D5F0B614256DAA13003429E4 /* Info.plist */,
				D5F0B611256DAA13003429E4 /* Preview Content */,
			);
			path = "SwiftUI-Animation";
			sourceTree = "<group>";
		};
		D5F0B611256DAA13003429E4 /* Preview Content */ = {
			isa = PBXGroup;
			children = (
				D5F0B612256DAA13003429E4 /* Preview Assets.xcassets */,
			);
			path = "Preview Content";
			sourceTree = "<group>";
		};
		D5F0B61B256DAA3E003429E4 /* Animations */ = {
			isa = PBXGroup;
			children = (
				D55BE46425862F4F0098598D /* DownloadButton */,
				D55BE4612584FBD70098598D /* LoadingSpinner */,
			);
			path = Animations;
			sourceTree = "<group>";
		};
/* End PBXGroup section */

/* Begin PBXNativeTarget section */
		D5F0B607256DAA10003429E4 /* SwiftUI-Animation */ = {
			isa = PBXNativeTarget;
			buildConfigurationList = D5F0B617256DAA13003429E4 /* Build configuration list for PBXNativeTarget "SwiftUI-Animation" */;
			buildPhases = (
				D5F0B604256DAA10003429E4 /* Sources */,
				D5F0B605256DAA10003429E4 /* Frameworks */,
				D5F0B606256DAA10003429E4 /* Resources */,
			);
			buildRules = (
			);
			dependencies = (
			);
			name = "SwiftUI-Animation";
			productName = "SwiftUI-Animation";
			productReference = D5F0B608256DAA10003429E4 /* SwiftUI-Animation.app */;
			productType = "com.apple.product-type.application";
		};
/* End PBXNativeTarget section */

/* Begin PBXProject section */
		D5F0B600256DAA10003429E4 /* Project object */ = {
			isa = PBXProject;
			attributes = {
				LastSwiftUpdateCheck = 1220;
				LastUpgradeCheck = 1220;
				TargetAttributes = {
					D5F0B607256DAA10003429E4 = {
						CreatedOnToolsVersion = 12.2;
					};
				};
			};
			buildConfigurationList = D5F0B603256DAA10003429E4 /* Build configuration list for PBXProject "SwiftUI-Animation" */;
			compatibilityVersion = "Xcode 9.3";
			developmentRegion = en;
			hasScannedForEncodings = 0;
			knownRegions = (
				en,
				Base,
			);
			mainGroup = D5F0B5FF256DAA10003429E4;
			productRefGroup = D5F0B609256DAA10003429E4 /* Products */;
			projectDirPath = "";
			projectRoot = "";
			targets = (
				D5F0B607256DAA10003429E4 /* SwiftUI-Animation */,
			);
		};
/* End PBXProject section */

/* Begin PBXResourcesBuildPhase section */
		D5F0B606256DAA10003429E4 /* Resources */ = {
			isa = PBXResourcesBuildPhase;
			buildActionMask = 2147483647;
			files = (
				D5F0B613256DAA13003429E4 /* Preview Assets.xcassets in Resources */,
				D5F0B610256DAA13003429E4 /* Assets.xcassets in Resources */,
			);
			runOnlyForDeploymentPostprocessing = 0;
		};
/* End PBXResourcesBuildPhase section */

/* Begin PBXSourcesBuildPhase section */
		D5F0B604256DAA10003429E4 /* Sources */ = {
			isa = PBXSourcesBuildPhase;
			buildActionMask = 2147483647;
			files = (
				D5F0B60E256DAA10003429E4 /* ContentView.swift in Sources */,
				D5F0B61D256DAA4E003429E4 /* Spinner.swift in Sources */,
				D55C48E4257E5450002675A2 /* GlobalHelpers.swift in Sources */,
				D5F0B60C256DAA10003429E4 /* SwiftUI_AnimationApp.swift in Sources */,
				D55BE46625862F6A0098598D /* DownloadButton.swift in Sources */,
			);
			runOnlyForDeploymentPostprocessing = 0;
		};
/* End PBXSourcesBuildPhase section */

/* Begin XCBuildConfiguration section */
		D5F0B615256DAA13003429E4 /* Debug */ = {
			isa = XCBuildConfiguration;
			buildSettings = {
				ALWAYS_SEARCH_USER_PATHS = NO;
				CLANG_ANALYZER_NONNULL = YES;
				CLANG_ANALYZER_NUMBER_OBJECT_CONVERSION = YES_AGGRESSIVE;
				CLANG_CXX_LANGUAGE_STANDARD = "gnu++14";
				CLANG_CXX_LIBRARY = "libc++";
				CLANG_ENABLE_MODULES = YES;
				CLANG_ENABLE_OBJC_ARC = YES;
				CLANG_ENABLE_OBJC_WEAK = YES;
				CLANG_WARN_BLOCK_CAPTURE_AUTORELEASING = YES;
				CLANG_WARN_BOOL_CONVERSION = YES;
				CLANG_WARN_COMMA = YES;
				CLANG_WARN_CONSTANT_CONVERSION = YES;
				CLANG_WARN_DEPRECATED_OBJC_IMPLEMENTATIONS = YES;
				CLANG_WARN_DIRECT_OBJC_ISA_USAGE = YES_ERROR;
				CLANG_WARN_DOCUMENTATION_COMMENTS = YES;
				CLANG_WARN_EMPTY_BODY = YES;
				CLANG_WARN_ENUM_CONVERSION = YES;
				CLANG_WARN_INFINITE_RECURSION = YES;
				CLANG_WARN_INT_CONVERSION = YES;
				CLANG_WARN_NON_LITERAL_NULL_CONVERSION = YES;
				CLANG_WARN_OBJC_IMPLICIT_RETAIN_SELF = YES;
				CLANG_WARN_OBJC_LITERAL_CONVERSION = YES;
				CLANG_WARN_OBJC_ROOT_CLASS = YES_ERROR;
				CLANG_WARN_QUOTED_INCLUDE_IN_FRAMEWORK_HEADER = YES;
				CLANG_WARN_RANGE_LOOP_ANALYSIS = YES;
				CLANG_WARN_STRICT_PROTOTYPES = YES;
				CLANG_WARN_SUSPICIOUS_MOVE = YES;
				CLANG_WARN_UNGUARDED_AVAILABILITY = YES_AGGRESSIVE;
				CLANG_WARN_UNREACHABLE_CODE = YES;
				CLANG_WARN__DUPLICATE_METHOD_MATCH = YES;
				COPY_PHASE_STRIP = NO;
				DEBUG_INFORMATION_FORMAT = dwarf;
				ENABLE_STRICT_OBJC_MSGSEND = YES;
				ENABLE_TESTABILITY = YES;
				GCC_C_LANGUAGE_STANDARD = gnu11;
				GCC_DYNAMIC_NO_PIC = NO;
				GCC_NO_COMMON_BLOCKS = YES;
				GCC_OPTIMIZATION_LEVEL = 0;
				GCC_PREPROCESSOR_DEFINITIONS = (
					"DEBUG=1",
					"$(inherited)",
				);
				GCC_WARN_64_TO_32_BIT_CONVERSION = YES;
				GCC_WARN_ABOUT_RETURN_TYPE = YES_ERROR;
				GCC_WARN_UNDECLARED_SELECTOR = YES;
				GCC_WARN_UNINITIALIZED_AUTOS = YES_AGGRESSIVE;
				GCC_WARN_UNUSED_FUNCTION = YES;
				GCC_WARN_UNUSED_VARIABLE = YES;
				IPHONEOS_DEPLOYMENT_TARGET = 14.2;
				MTL_ENABLE_DEBUG_INFO = INCLUDE_SOURCE;
				MTL_FAST_MATH = YES;
				ONLY_ACTIVE_ARCH = YES;
				SDKROOT = iphoneos;
				SWIFT_ACTIVE_COMPILATION_CONDITIONS = DEBUG;
				SWIFT_OPTIMIZATION_LEVEL = "-Onone";
			};
			name = Debug;
		};
		D5F0B616256DAA13003429E4 /* Release */ = {
			isa = XCBuildConfiguration;
			buildSettings = {
				ALWAYS_SEARCH_USER_PATHS = NO;
				CLANG_ANALYZER_NONNULL = YES;
				CLANG_ANALYZER_NUMBER_OBJECT_CONVERSION = YES_AGGRESSIVE;
				CLANG_CXX_LANGUAGE_STANDARD = "gnu++14";
				CLANG_CXX_LIBRARY = "libc++";
				CLANG_ENABLE_MODULES = YES;
				CLANG_ENABLE_OBJC_ARC = YES;
				CLANG_ENABLE_OBJC_WEAK = YES;
				CLANG_WARN_BLOCK_CAPTURE_AUTORELEASING = YES;
				CLANG_WARN_BOOL_CONVERSION = YES;
				CLANG_WARN_COMMA = YES;
				CLANG_WARN_CONSTANT_CONVERSION = YES;
				CLANG_WARN_DEPRECATED_OBJC_IMPLEMENTATIONS = YES;
				CLANG_WARN_DIRECT_OBJC_ISA_USAGE = YES_ERROR;
				CLANG_WARN_DOCUMENTATION_COMMENTS = YES;
				CLANG_WARN_EMPTY_BODY = YES;
				CLANG_WARN_ENUM_CONVERSION = YES;
				CLANG_WARN_INFINITE_RECURSION = YES;
				CLANG_WARN_INT_CONVERSION = YES;
				CLANG_WARN_NON_LITERAL_NULL_CONVERSION = YES;
				CLANG_WARN_OBJC_IMPLICIT_RETAIN_SELF = YES;
				CLANG_WARN_OBJC_LITERAL_CONVERSION = YES;
				CLANG_WARN_OBJC_ROOT_CLASS = YES_ERROR;
				CLANG_WARN_QUOTED_INCLUDE_IN_FRAMEWORK_HEADER = YES;
				CLANG_WARN_RANGE_LOOP_ANALYSIS = YES;
				CLANG_WARN_STRICT_PROTOTYPES = YES;
				CLANG_WARN_SUSPICIOUS_MOVE = YES;
				CLANG_WARN_UNGUARDED_AVAILABILITY = YES_AGGRESSIVE;
				CLANG_WARN_UNREACHABLE_CODE = YES;
				CLANG_WARN__DUPLICATE_METHOD_MATCH = YES;
				COPY_PHASE_STRIP = NO;
				DEBUG_INFORMATION_FORMAT = "dwarf-with-dsym";
				ENABLE_NS_ASSERTIONS = NO;
				ENABLE_STRICT_OBJC_MSGSEND = YES;
				GCC_C_LANGUAGE_STANDARD = gnu11;
				GCC_NO_COMMON_BLOCKS = YES;
				GCC_WARN_64_TO_32_BIT_CONVERSION = YES;
				GCC_WARN_ABOUT_RETURN_TYPE = YES_ERROR;
				GCC_WARN_UNDECLARED_SELECTOR = YES;
				GCC_WARN_UNINITIALIZED_AUTOS = YES_AGGRESSIVE;
				GCC_WARN_UNUSED_FUNCTION = YES;
				GCC_WARN_UNUSED_VARIABLE = YES;
				IPHONEOS_DEPLOYMENT_TARGET = 14.2;
				MTL_ENABLE_DEBUG_INFO = NO;
				MTL_FAST_MATH = YES;
				SDKROOT = iphoneos;
				SWIFT_COMPILATION_MODE = wholemodule;
				SWIFT_OPTIMIZATION_LEVEL = "-O";
				VALIDATE_PRODUCT = YES;
			};
			name = Release;
		};
		D5F0B618256DAA13003429E4 /* Debug */ = {
			isa = XCBuildConfiguration;
			buildSettings = {
				ASSETCATALOG_COMPILER_APPICON_NAME = AppIcon;
				ASSETCATALOG_COMPILER_GLOBAL_ACCENT_COLOR_NAME = AccentColor;
				CODE_SIGN_STYLE = Automatic;
				DEVELOPMENT_ASSET_PATHS = "\"SwiftUI-Animation/Preview Content\"";
				DEVELOPMENT_TEAM = JM8BMXQ5NG;
				ENABLE_PREVIEWS = YES;
				INFOPLIST_FILE = "SwiftUI-Animation/Info.plist";
				IPHONEOS_DEPLOYMENT_TARGET = 14.0;
				LD_RUNPATH_SEARCH_PATHS = (
					"$(inherited)",
					"@executable_path/Frameworks",
				);
				PRODUCT_BUNDLE_IDENTIFIER = "com.serafinennes.SwiftUI-Animation";
				PRODUCT_NAME = "$(TARGET_NAME)";
				SWIFT_VERSION = 5.0;
				TARGETED_DEVICE_FAMILY = "1,2";
			};
			name = Debug;
		};
		D5F0B619256DAA13003429E4 /* Release */ = {
			isa = XCBuildConfiguration;
			buildSettings = {
				ASSETCATALOG_COMPILER_APPICON_NAME = AppIcon;
				ASSETCATALOG_COMPILER_GLOBAL_ACCENT_COLOR_NAME = AccentColor;
				CODE_SIGN_STYLE = Automatic;
				DEVELOPMENT_ASSET_PATHS = "\"SwiftUI-Animation/Preview Content\"";
				DEVELOPMENT_TEAM = JM8BMXQ5NG;
				ENABLE_PREVIEWS = YES;
				INFOPLIST_FILE = "SwiftUI-Animation/Info.plist";
				IPHONEOS_DEPLOYMENT_TARGET = 14.0;
				LD_RUNPATH_SEARCH_PATHS = (
					"$(inherited)",
					"@executable_path/Frameworks",
				);
				PRODUCT_BUNDLE_IDENTIFIER = "com.serafinennes.SwiftUI-Animation";
				PRODUCT_NAME = "$(TARGET_NAME)";
				SWIFT_VERSION = 5.0;
				TARGETED_DEVICE_FAMILY = "1,2";
			};
			name = Release;
		};
/* End XCBuildConfiguration section */

/* Begin XCConfigurationList section */
		D5F0B603256DAA10003429E4 /* Build configuration list for PBXProject "SwiftUI-Animation" */ = {
			isa = XCConfigurationList;
			buildConfigurations = (
				D5F0B615256DAA13003429E4 /* Debug */,
				D5F0B616256DAA13003429E4 /* Release */,
			);
			defaultConfigurationIsVisible = 0;
			defaultConfigurationName = Release;
		};
		D5F0B617256DAA13003429E4 /* Build configuration list for PBXNativeTarget "SwiftUI-Animation" */ = {
			isa = XCConfigurationList;
			buildConfigurations = (
				D5F0B618256DAA13003429E4 /* Debug */,
				D5F0B619256DAA13003429E4 /* Release */,
			);
			defaultConfigurationIsVisible = 0;
			defaultConfigurationName = Release;
		};
/* End XCConfigurationList section */
	};
	rootObject = D5F0B600256DAA10003429E4 /* Project object */;
}
