// !$*UTF8*$!
{
	archiveVersion = 1;
	classes = {
	};
	objectVersion = 50;
	objects = {

/* Begin PBXBuildFile section */
		9F139A51291D54A9005B20FA /* BatteryView.swift in Sources */ = {isa = PBXBuildFile; fileRef = 9F139A50291D54A9005B20FA /* BatteryView.swift */; };
		9F81678B2889ACBE0057BE2F /* PhoneCallButton.swift in Sources */ = {isa = PBXBuildFile; fileRef = 9F81678A2889ACBE0057BE2F /* PhoneCallButton.swift */; };
		9F8177AD289AFFCA00670E1E /* TypingIcon.swift in Sources */ = {isa = PBXBuildFile; fileRef = 9F8177AC289AFFCA00670E1E /* TypingIcon.swift */; };
		9FA7D7EE28D228A00081125D /* AnimationData.swift in Sources */ = {isa = PBXBuildFile; fileRef = 9FA7D7ED28D228A00081125D /* AnimationData.swift */; };
		9FA7D7F028D228DB0081125D /* AnimationCell.swift in Sources */ = {isa = PBXBuildFile; fileRef = 9FA7D7EF28D228DB0081125D /* AnimationCell.swift */; };
		9FA7D7F228D22DA90081125D /* AnimationListView.swift in Sources */ = {isa = PBXBuildFile; fileRef = 9FA7D7F128D22DA90081125D /* AnimationListView.swift */; };
		9FA7D7F428D22DC50081125D /* AnimationList.swift in Sources */ = {isa = PBXBuildFile; fileRef = 9FA7D7F328D22DC50081125D /* AnimationList.swift */; };
		9FAEC3DD2926A9000069A733 /* CustomToggle.swift in Sources */ = {isa = PBXBuildFile; fileRef = 9FAEC3DC2926A9000069A733 /* CustomToggle.swift */; };
		9FAEC3DF2926A9550069A733 /* Color+Adittional.swift in Sources */ = {isa = PBXBuildFile; fileRef = 9FAEC3DE2926A9540069A733 /* Color+Adittional.swift */; };
		9FB5C7C328EDEE7D00B3D595 /* MockAnimationService.swift in Sources */ = {isa = PBXBuildFile; fileRef = 9FB5C7C228EDEE7D00B3D595 /* MockAnimationService.swift */; };
		9FB5C7C528EDEFA800B3D595 /* AnimationService.swift in Sources */ = {isa = PBXBuildFile; fileRef = 9FB5C7C428EDEFA800B3D595 /* AnimationService.swift */; };
		9FC1D36229E4AF8200CCDB70 /* NavInteraction.swift in Sources */ = {isa = PBXBuildFile; fileRef = 9FC1D36129E4AF8200CCDB70 /* NavInteraction.swift */; };
		9FCC075128C79FDA0076E402 /* ReactionView.swift in Sources */ = {isa = PBXBuildFile; fileRef = 9FCC075028C79FDA0076E402 /* ReactionView.swift */; };
		9FF5DF5D28D0EF7300A420E8 /* String+Additional.swift in Sources */ = {isa = PBXBuildFile; fileRef = 9FF5DF5C28D0EF7300A420E8 /* String+Additional.swift */; };
		D503106E260BBB06001C6434 /* PasswordField.swift in Sources */ = {isa = PBXBuildFile; fileRef = D503106D260BBB06001C6434 /* PasswordField.swift */; };
		D552388026277A1D0061FF61 /* RecButton.swift in Sources */ = {isa = PBXBuildFile; fileRef = D552387F26277A1D0061FF61 /* RecButton.swift */; };
		D55238F32628B3980061FF61 /* LikeButton.swift in Sources */ = {isa = PBXBuildFile; fileRef = D55238F22628B3980061FF61 /* LikeButton.swift */; };
		D55BE46625862F6A0098598D /* DownloadButton.swift in Sources */ = {isa = PBXBuildFile; fileRef = D55BE46525862F6A0098598D /* DownloadButton.swift */; };
		D55C48E4257E5450002675A2 /* GlobalHelpers.swift in Sources */ = {isa = PBXBuildFile; fileRef = D55C48E3257E5450002675A2 /* GlobalHelpers.swift */; };
		D55EE2C0269575AC00303A9D /* PageControl.swift in Sources */ = {isa = PBXBuildFile; fileRef = D55EE2BF269575AC00303A9D /* PageControl.swift */; };
		D562AEE02594ADE7006F670D /* OrderButton.swift in Sources */ = {isa = PBXBuildFile; fileRef = D562AEDF2594ADE7006F670D /* OrderButton.swift */; };
		D5823BF4259A5DA200C81EDE /* ProgressBar.swift in Sources */ = {isa = PBXBuildFile; fileRef = D5823BF3259A5DA200C81EDE /* ProgressBar.swift */; };
		D5823C19259D0D4F00C81EDE /* Checkmark.swift in Sources */ = {isa = PBXBuildFile; fileRef = D5823C18259D0D4F00C81EDE /* Checkmark.swift */; };
		D5A8633F25AF8D5F009EE54D /* MusicPlayer.swift in Sources */ = {isa = PBXBuildFile; fileRef = D5A8633E25AF8D5F009EE54D /* MusicPlayer.swift */; };
		D5A8634325AF965D009EE54D /* UIScreenExtension.swift in Sources */ = {isa = PBXBuildFile; fileRef = D5A8634225AF965D009EE54D /* UIScreenExtension.swift */; };
		D5BFCB422637448B002ADA83 /* AudioButton.swift in Sources */ = {isa = PBXBuildFile; fileRef = D5BFCB412637448B002ADA83 /* AudioButton.swift */; };
		D5F0B60C256DAA10003429E4 /* SwiftUI_AnimationApp.swift in Sources */ = {isa = PBXBuildFile; fileRef = D5F0B60B256DAA10003429E4 /* SwiftUI_AnimationApp.swift */; };
		D5F0B61D256DAA4E003429E4 /* Spinner.swift in Sources */ = {isa = PBXBuildFile; fileRef = D5F0B61C256DAA4E003429E4 /* Spinner.swift */; };
		D5FD89C4264450F100D17F07 /* Stopwatch.swift in Sources */ = {isa = PBXBuildFile; fileRef = D5FD89C3264450F100D17F07 /* Stopwatch.swift */; };
/* End PBXBuildFile section */

/* Begin PBXFileReference section */
		9F139A50291D54A9005B20FA /* BatteryView.swift */ = {isa = PBXFileReference; lastKnownFileType = sourcecode.swift; path = BatteryView.swift; sourceTree = "<group>"; };
		9F81678A2889ACBE0057BE2F /* PhoneCallButton.swift */ = {isa = PBXFileReference; lastKnownFileType = sourcecode.swift; path = PhoneCallButton.swift; sourceTree = "<group>"; };
		9F8177AC289AFFCA00670E1E /* TypingIcon.swift */ = {isa = PBXFileReference; lastKnownFileType = sourcecode.swift; path = TypingIcon.swift; sourceTree = "<group>"; };
		9FA7D7ED28D228A00081125D /* AnimationData.swift */ = {isa = PBXFileReference; lastKnownFileType = sourcecode.swift; path = AnimationData.swift; sourceTree = "<group>"; };
		9FA7D7EF28D228DB0081125D /* AnimationCell.swift */ = {isa = PBXFileReference; lastKnownFileType = sourcecode.swift; path = AnimationCell.swift; sourceTree = "<group>"; };
		9FA7D7F128D22DA90081125D /* AnimationListView.swift */ = {isa = PBXFileReference; lastKnownFileType = sourcecode.swift; path = AnimationListView.swift; sourceTree = "<group>"; };
		9FA7D7F328D22DC50081125D /* AnimationList.swift */ = {isa = PBXFileReference; lastKnownFileType = sourcecode.swift; path = AnimationList.swift; sourceTree = "<group>"; };
		9FAEC3DC2926A9000069A733 /* CustomToggle.swift */ = {isa = PBXFileReference; lastKnownFileType = sourcecode.swift; path = CustomToggle.swift; sourceTree = "<group>"; };
		9FAEC3DE2926A9540069A733 /* Color+Adittional.swift */ = {isa = PBXFileReference; lastKnownFileType = sourcecode.swift; path = "Color+Adittional.swift"; sourceTree = "<group>"; };
		9FB5C7C228EDEE7D00B3D595 /* MockAnimationService.swift */ = {isa = PBXFileReference; lastKnownFileType = sourcecode.swift; path = MockAnimationService.swift; sourceTree = "<group>"; };
		9FB5C7C428EDEFA800B3D595 /* AnimationService.swift */ = {isa = PBXFileReference; lastKnownFileType = sourcecode.swift; path = AnimationService.swift; sourceTree = "<group>"; };
		9FC1D36129E4AF8200CCDB70 /* NavInteraction.swift */ = {isa = PBXFileReference; lastKnownFileType = sourcecode.swift; path = NavInteraction.swift; sourceTree = "<group>"; };
		9FCC075028C79FDA0076E402 /* ReactionView.swift */ = {isa = PBXFileReference; lastKnownFileType = sourcecode.swift; path = ReactionView.swift; sourceTree = "<group>"; };
		9FF5DF5C28D0EF7300A420E8 /* String+Additional.swift */ = {isa = PBXFileReference; lastKnownFileType = sourcecode.swift; path = "String+Additional.swift"; sourceTree = "<group>"; };
		D503106D260BBB06001C6434 /* PasswordField.swift */ = {isa = PBXFileReference; lastKnownFileType = sourcecode.swift; path = PasswordField.swift; sourceTree = "<group>"; };
		D552387F26277A1D0061FF61 /* RecButton.swift */ = {isa = PBXFileReference; lastKnownFileType = sourcecode.swift; path = RecButton.swift; sourceTree = "<group>"; };
		D55238F22628B3980061FF61 /* LikeButton.swift */ = {isa = PBXFileReference; lastKnownFileType = sourcecode.swift; path = LikeButton.swift; sourceTree = "<group>"; };
		D55BE46525862F6A0098598D /* DownloadButton.swift */ = {isa = PBXFileReference; lastKnownFileType = sourcecode.swift; path = DownloadButton.swift; sourceTree = "<group>"; };
		D55C48E3257E5450002675A2 /* GlobalHelpers.swift */ = {isa = PBXFileReference; lastKnownFileType = sourcecode.swift; path = GlobalHelpers.swift; sourceTree = "<group>"; };
		D55EE2BF269575AC00303A9D /* PageControl.swift */ = {isa = PBXFileReference; lastKnownFileType = sourcecode.swift; path = PageControl.swift; sourceTree = "<group>"; };
		D562AEDF2594ADE7006F670D /* OrderButton.swift */ = {isa = PBXFileReference; lastKnownFileType = sourcecode.swift; path = OrderButton.swift; sourceTree = "<group>"; };
		D5823BF3259A5DA200C81EDE /* ProgressBar.swift */ = {isa = PBXFileReference; lastKnownFileType = sourcecode.swift; path = ProgressBar.swift; sourceTree = "<group>"; };
		D5823C18259D0D4F00C81EDE /* Checkmark.swift */ = {isa = PBXFileReference; lastKnownFileType = sourcecode.swift; path = Checkmark.swift; sourceTree = "<group>"; };
		D5A8633E25AF8D5F009EE54D /* MusicPlayer.swift */ = {isa = PBXFileReference; lastKnownFileType = sourcecode.swift; path = MusicPlayer.swift; sourceTree = "<group>"; };
		D5A8634225AF965D009EE54D /* UIScreenExtension.swift */ = {isa = PBXFileReference; lastKnownFileType = sourcecode.swift; path = UIScreenExtension.swift; sourceTree = "<group>"; };
		D5BFCB412637448B002ADA83 /* AudioButton.swift */ = {isa = PBXFileReference; lastKnownFileType = sourcecode.swift; path = AudioButton.swift; sourceTree = "<group>"; };
		D5F0B608256DAA10003429E4 /* SwiftUI-Animation.app */ = {isa = PBXFileReference; explicitFileType = wrapper.application; includeInIndex = 0; path = "SwiftUI-Animation.app"; sourceTree = BUILT_PRODUCTS_DIR; };
		D5F0B60B256DAA10003429E4 /* SwiftUI_AnimationApp.swift */ = {isa = PBXFileReference; lastKnownFileType = sourcecode.swift; path = SwiftUI_AnimationApp.swift; sourceTree = "<group>"; };
		D5F0B614256DAA13003429E4 /* Info.plist */ = {isa = PBXFileReference; lastKnownFileType = text.plist.xml; path = Info.plist; sourceTree = "<group>"; };
		D5F0B61C256DAA4E003429E4 /* Spinner.swift */ = {isa = PBXFileReference; lastKnownFileType = sourcecode.swift; path = Spinner.swift; sourceTree = "<group>"; };
		D5FD89C3264450F100D17F07 /* Stopwatch.swift */ = {isa = PBXFileReference; lastKnownFileType = sourcecode.swift; path = Stopwatch.swift; sourceTree = "<group>"; };
/* End PBXFileReference section */

/* Begin PBXFrameworksBuildPhase section */
		D5F0B605256DAA10003429E4 /* Frameworks */ = {
			isa = PBXFrameworksBuildPhase;
			buildActionMask = 2147483647;
			files = (
			);
			runOnlyForDeploymentPostprocessing = 0;
		};
/* End PBXFrameworksBuildPhase section */

/* Begin PBXGroup section */
		9F139A4D291D5487005B20FA /* Battery */ = {
			isa = PBXGroup;
			children = (
				9F139A50291D54A9005B20FA /* BatteryView.swift */,
			);
			path = Battery;
			sourceTree = "<group>";
		};
		9F8167892889ACAC0057BE2F /* PhoneCall */ = {
			isa = PBXGroup;
			children = (
				9F81678A2889ACBE0057BE2F /* PhoneCallButton.swift */,
			);
			path = PhoneCall;
			sourceTree = "<group>";
		};
		9F8177A9289AFFAB00670E1E /* TypingIcon */ = {
			isa = PBXGroup;
			children = (
				9F8177AC289AFFCA00670E1E /* TypingIcon.swift */,
			);
			path = TypingIcon;
			sourceTree = "<group>";
		};
		9F9D3D6A2889A8FB00BA8459 /* Preview Content */ = {
			isa = PBXGroup;
			children = (
			);
			path = "Preview Content";
			sourceTree = "<group>";
		};
		9FA7D7E928D228310081125D /* Main */ = {
			isa = PBXGroup;
			children = (
				9FA7D7EF28D228DB0081125D /* AnimationCell.swift */,
				9FA7D7F128D22DA90081125D /* AnimationListView.swift */,
			);
			path = Main;
			sourceTree = "<group>";
		};
		9FA7D7EC28D228880081125D /* Model */ = {
			isa = PBXGroup;
			children = (
				9FB5C7C128EDEE2F00B3D595 /* Service */,
				9FA7D7ED28D228A00081125D /* AnimationData.swift */,
				9FA7D7F328D22DC50081125D /* AnimationList.swift */,
			);
			path = Model;
			sourceTree = "<group>";
		};
		9FAEC3DB2926A8E90069A733 /* Components */ = {
			isa = PBXGroup;
			children = (
				9FAEC3DC2926A9000069A733 /* CustomToggle.swift */,
			);
			path = Components;
			sourceTree = "<group>";
		};
		9FB5C7C128EDEE2F00B3D595 /* Service */ = {
			isa = PBXGroup;
			children = (
				9FB5C7C428EDEFA800B3D595 /* AnimationService.swift */,
				9FB5C7C228EDEE7D00B3D595 /* MockAnimationService.swift */,
			);
			path = Service;
			sourceTree = "<group>";
		};
		9FC1D35E29E4AF5400CCDB70 /* NavInteraction */ = {
			isa = PBXGroup;
			children = (
				9FC1D36129E4AF8200CCDB70 /* NavInteraction.swift */,
			);
			path = NavInteraction;
			sourceTree = "<group>";
		};
		9FCC074F28C79FC70076E402 /* ReactionView */ = {
			isa = PBXGroup;
			children = (
				9FCC075028C79FDA0076E402 /* ReactionView.swift */,
			);
			path = ReactionView;
			sourceTree = "<group>";
		};
		9FF5DF5B28D0EF0B00A420E8 /* Extensions */ = {
			isa = PBXGroup;
			children = (
				9FF5DF5C28D0EF7300A420E8 /* String+Additional.swift */,
				9FAEC3DE2926A9540069A733 /* Color+Adittional.swift */,
			);
			path = Extensions;
			sourceTree = "<group>";
		};
		D503106C260BBAF0001C6434 /* PasswordField */ = {
			isa = PBXGroup;
			children = (
				D503106D260BBB06001C6434 /* PasswordField.swift */,
			);
			path = PasswordField;
			sourceTree = "<group>";
		};
		D543A75425974B2400C048DF /* Checkmark */ = {
			isa = PBXGroup;
			children = (
				D5823C18259D0D4F00C81EDE /* Checkmark.swift */,
			);
			path = Checkmark;
			sourceTree = "<group>";
		};
		D552387E26277A050061FF61 /* RecButton */ = {
			isa = PBXGroup;
			children = (
				D552387F26277A1D0061FF61 /* RecButton.swift */,
			);
			path = RecButton;
			sourceTree = "<group>";
		};
		D55238F12628B3880061FF61 /* LikeButton */ = {
			isa = PBXGroup;
			children = (
				D55238F22628B3980061FF61 /* LikeButton.swift */,
			);
			path = LikeButton;
			sourceTree = "<group>";
		};
		D55BE4612584FBD70098598D /* LoadingSpinner */ = {
			isa = PBXGroup;
			children = (
				D5F0B61C256DAA4E003429E4 /* Spinner.swift */,
			);
			path = LoadingSpinner;
			sourceTree = "<group>";
		};
		D55BE46425862F4F0098598D /* DownloadButton */ = {
			isa = PBXGroup;
			children = (
				D55BE46525862F6A0098598D /* DownloadButton.swift */,
				D5823BF3259A5DA200C81EDE /* ProgressBar.swift */,
			);
			path = DownloadButton;
			sourceTree = "<group>";
		};
		D55C48E2257E542B002675A2 /* Helpers */ = {
			isa = PBXGroup;
			children = (
				D55C48E3257E5450002675A2 /* GlobalHelpers.swift */,
				D5A8634225AF965D009EE54D /* UIScreenExtension.swift */,
			);
			path = Helpers;
			sourceTree = "<group>";
		};
		D55EE2BE2695759D00303A9D /* PageControl */ = {
			isa = PBXGroup;
			children = (
				D55EE2BF269575AC00303A9D /* PageControl.swift */,
			);
			path = PageControl;
			sourceTree = "<group>";
		};
		D5A8633D25AF8D2D009EE54D /* MusicPlayer */ = {
			isa = PBXGroup;
			children = (
				D5A8633E25AF8D5F009EE54D /* MusicPlayer.swift */,
			);
			path = MusicPlayer;
			sourceTree = "<group>";
		};
		D5BFCB402637447E002ADA83 /* AudioButton */ = {
			isa = PBXGroup;
			children = (
				D5BFCB412637448B002ADA83 /* AudioButton.swift */,
			);
			path = AudioButton;
			sourceTree = "<group>";
		};
		D5D530D1258B806D006F20B6 /* Build */ = {
			isa = PBXGroup;
			children = (
				9F9D3D6A2889A8FB00BA8459 /* Preview Content */,
				D5F0B60B256DAA10003429E4 /* SwiftUI_AnimationApp.swift */,
				D5F0B614256DAA13003429E4 /* Info.plist */,
			);
			path = Build;
			sourceTree = "<group>";
		};
		D5F0B5FF256DAA10003429E4 = {
			isa = PBXGroup;
			children = (
				D5F0B60A256DAA10003429E4 /* SwiftUI-Animation */,
				D5F0B609256DAA10003429E4 /* Products */,
			);
			sourceTree = "<group>";
		};
		D5F0B609256DAA10003429E4 /* Products */ = {
			isa = PBXGroup;
			children = (
				D5F0B608256DAA10003429E4 /* SwiftUI-Animation.app */,
			);
			name = Products;
			sourceTree = "<group>";
		};
		D5F0B60A256DAA10003429E4 /* SwiftUI-Animation */ = {
			isa = PBXGroup;
			children = (
				9FA7D7E928D228310081125D /* Main */,
				9FA7D7EC28D228880081125D /* Model */,
				9FAEC3DB2926A8E90069A733 /* Components */,
				D5F0B61B256DAA3E003429E4 /* Animations */,
				9FF5DF5B28D0EF0B00A420E8 /* Extensions */,
				D55C48E2257E542B002675A2 /* Helpers */,
				D5D530D1258B806D006F20B6 /* Build */,
			);
			path = "SwiftUI-Animation";
			sourceTree = "<group>";
		};
		D5F0B61B256DAA3E003429E4 /* Animations */ = {
			isa = PBXGroup;
			children = (
				9FC1D35E29E4AF5400CCDB70 /* NavInteraction */,
				9F139A4D291D5487005B20FA /* Battery */,
				9FCC074F28C79FC70076E402 /* ReactionView */,
				9F8177A9289AFFAB00670E1E /* TypingIcon */,
				9F8167892889ACAC0057BE2F /* PhoneCall */,
				D55EE2BE2695759D00303A9D /* PageControl */,
				D5FD89C02644506E00D17F07 /* Stopwatch */,
				D5BFCB402637447E002ADA83 /* AudioButton */,
				D55238F12628B3880061FF61 /* LikeButton */,
				D552387E26277A050061FF61 /* RecButton */,
				D503106C260BBAF0001C6434 /* PasswordField */,
				D5A8633D25AF8D2D009EE54D /* MusicPlayer */,
				D543A75425974B2400C048DF /* Checkmark */,
				D5FCC7C5258E236100830430 /* OrderButton */,
				D55BE46425862F4F0098598D /* DownloadButton */,
				D55BE4612584FBD70098598D /* LoadingSpinner */,
			);
			path = Animations;
			sourceTree = "<group>";
		};
		D5FCC7C5258E236100830430 /* OrderButton */ = {
			isa = PBXGroup;
			children = (
				D562AEDF2594ADE7006F670D /* OrderButton.swift */,
			);
			path = OrderButton;
			sourceTree = "<group>";
		};
		D5FD89C02644506E00D17F07 /* Stopwatch */ = {
			isa = PBXGroup;
			children = (
				D5FD89C3264450F100D17F07 /* Stopwatch.swift */,
			);
			path = Stopwatch;
			sourceTree = "<group>";
		};
/* End PBXGroup section */

/* Begin PBXNativeTarget section */
		D5F0B607256DAA10003429E4 /* SwiftUI-Animation */ = {
			isa = PBXNativeTarget;
			buildConfigurationList = D5F0B617256DAA13003429E4 /* Build configuration list for PBXNativeTarget "SwiftUI-Animation" */;
			buildPhases = (
				D5F0B604256DAA10003429E4 /* Sources */,
				D5F0B605256DAA10003429E4 /* Frameworks */,
				D5F0B606256DAA10003429E4 /* Resources */,
			);
			buildRules = (
			);
			dependencies = (
			);
			name = "SwiftUI-Animation";
			productName = "SwiftUI-Animation";
			productReference = D5F0B608256DAA10003429E4 /* SwiftUI-Animation.app */;
			productType = "com.apple.product-type.application";
		};
/* End PBXNativeTarget section */

/* Begin PBXProject section */
		D5F0B600256DAA10003429E4 /* Project object */ = {
			isa = PBXProject;
			attributes = {
				LastSwiftUpdateCheck = 1220;
				LastUpgradeCheck = 1220;
				TargetAttributes = {
					D5F0B607256DAA10003429E4 = {
						CreatedOnToolsVersion = 12.2;
					};
				};
			};
			buildConfigurationList = D5F0B603256DAA10003429E4 /* Build configuration list for PBXProject "SwiftUI-Animation" */;
			compatibilityVersion = "Xcode 9.3";
			developmentRegion = en;
			hasScannedForEncodings = 0;
			knownRegions = (
				en,
				Base,
			);
			mainGroup = D5F0B5FF256DAA10003429E4;
			productRefGroup = D5F0B609256DAA10003429E4 /* Products */;
			projectDirPath = "";
			projectRoot = "";
			targets = (
				D5F0B607256DAA10003429E4 /* SwiftUI-Animation */,
			);
		};
/* End PBXProject section */

/* Begin PBXResourcesBuildPhase section */
		D5F0B606256DAA10003429E4 /* Resources */ = {
			isa = PBXResourcesBuildPhase;
			buildActionMask = 2147483647;
			files = (
			);
			runOnlyForDeploymentPostprocessing = 0;
		};
/* End PBXResourcesBuildPhase section */

/* Begin PBXSourcesBuildPhase section */
		D5F0B604256DAA10003429E4 /* Sources */ = {
			isa = PBXSourcesBuildPhase;
			buildActionMask = 2147483647;
			files = (
				D5F0B61D256DAA4E003429E4 /* Spinner.swift in Sources */,
				9FF5DF5D28D0EF7300A420E8 /* String+Additional.swift in Sources */,
				9FCC075128C79FDA0076E402 /* ReactionView.swift in Sources */,
				9FAEC3DD2926A9000069A733 /* CustomToggle.swift in Sources */,
				D55C48E4257E5450002675A2 /* GlobalHelpers.swift in Sources */,
				9F81678B2889ACBE0057BE2F /* PhoneCallButton.swift in Sources */,
				D5A8634325AF965D009EE54D /* UIScreenExtension.swift in Sources */,
				D5F0B60C256DAA10003429E4 /* SwiftUI_AnimationApp.swift in Sources */,
				D562AEE02594ADE7006F670D /* OrderButton.swift in Sources */,
				9F139A51291D54A9005B20FA /* BatteryView.swift in Sources */,
				9FB5C7C328EDEE7D00B3D595 /* MockAnimationService.swift in Sources */,
				9FAEC3DF2926A9550069A733 /* Color+Adittional.swift in Sources */,
				9FB5C7C528EDEFA800B3D595 /* AnimationService.swift in Sources */,
				D55EE2C0269575AC00303A9D /* PageControl.swift in Sources */,
				D55238F32628B3980061FF61 /* LikeButton.swift in Sources */,
				D552388026277A1D0061FF61 /* RecButton.swift in Sources */,
				9FC1D36229E4AF8200CCDB70 /* NavInteraction.swift in Sources */,
				D5FD89C4264450F100D17F07 /* Stopwatch.swift in Sources */,
				9F8177AD289AFFCA00670E1E /* TypingIcon.swift in Sources */,
				D55BE46625862F6A0098598D /* DownloadButton.swift in Sources */,
				D5823BF4259A5DA200C81EDE /* ProgressBar.swift in Sources */,
				9FA7D7F428D22DC50081125D /* AnimationList.swift in Sources */,
				9FA7D7F028D228DB0081125D /* AnimationCell.swift in Sources */,
				D5BFCB422637448B002ADA83 /* AudioButton.swift in Sources */,
				D5823C19259D0D4F00C81EDE /* Checkmark.swift in Sources */,
				9FA7D7F228D22DA90081125D /* AnimationListView.swift in Sources */,
				D503106E260BBB06001C6434 /* PasswordField.swift in Sources */,
				9FA7D7EE28D228A00081125D /* AnimationData.swift in Sources */,
				D5A8633F25AF8D5F009EE54D /* MusicPlayer.swift in Sources */,
			);
			runOnlyForDeploymentPostprocessing = 0;
		};
/* End PBXSourcesBuildPhase section */

/* Begin XCBuildConfiguration section */
		D5F0B615256DAA13003429E4 /* Debug */ = {
			isa = XCBuildConfiguration;
			buildSettings = {
				ALWAYS_SEARCH_USER_PATHS = NO;
				CLANG_ANALYZER_NONNULL = YES;
				CLANG_ANALYZER_NUMBER_OBJECT_CONVERSION = YES_AGGRESSIVE;
				CLANG_CXX_LANGUAGE_STANDARD = "gnu++14";
				CLANG_CXX_LIBRARY = "libc++";
				CLANG_ENABLE_MODULES = YES;
				CLANG_ENABLE_OBJC_ARC = YES;
				CLANG_ENABLE_OBJC_WEAK = YES;
				CLANG_WARN_BLOCK_CAPTURE_AUTORELEASING = YES;
				CLANG_WARN_BOOL_CONVERSION = YES;
				CLANG_WARN_COMMA = YES;
				CLANG_WARN_CONSTANT_CONVERSION = YES;
				CLANG_WARN_DEPRECATED_OBJC_IMPLEMENTATIONS = YES;
				CLANG_WARN_DIRECT_OBJC_ISA_USAGE = YES_ERROR;
				CLANG_WARN_DOCUMENTATION_COMMENTS = YES;
				CLANG_WARN_EMPTY_BODY = YES;
				CLANG_WARN_ENUM_CONVERSION = YES;
				CLANG_WARN_INFINITE_RECURSION = YES;
				CLANG_WARN_INT_CONVERSION = YES;
				CLANG_WARN_NON_LITERAL_NULL_CONVERSION = YES;
				CLANG_WARN_OBJC_IMPLICIT_RETAIN_SELF = YES;
				CLANG_WARN_OBJC_LITERAL_CONVERSION = YES;
				CLANG_WARN_OBJC_ROOT_CLASS = YES_ERROR;
				CLANG_WARN_QUOTED_INCLUDE_IN_FRAMEWORK_HEADER = YES;
				CLANG_WARN_RANGE_LOOP_ANALYSIS = YES;
				CLANG_WARN_STRICT_PROTOTYPES = YES;
				CLANG_WARN_SUSPICIOUS_MOVE = YES;
				CLANG_WARN_UNGUARDED_AVAILABILITY = YES_AGGRESSIVE;
				CLANG_WARN_UNREACHABLE_CODE = YES;
				CLANG_WARN__DUPLICATE_METHOD_MATCH = YES;
				COPY_PHASE_STRIP = NO;
				DEBUG_INFORMATION_FORMAT = dwarf;
				ENABLE_STRICT_OBJC_MSGSEND = YES;
				ENABLE_TESTABILITY = YES;
				GCC_C_LANGUAGE_STANDARD = gnu11;
				GCC_DYNAMIC_NO_PIC = NO;
				GCC_NO_COMMON_BLOCKS = YES;
				GCC_OPTIMIZATION_LEVEL = 0;
				GCC_PREPROCESSOR_DEFINITIONS = (
					"DEBUG=1",
					"$(inherited)",
				);
				GCC_WARN_64_TO_32_BIT_CONVERSION = YES;
				GCC_WARN_ABOUT_RETURN_TYPE = YES_ERROR;
				GCC_WARN_UNDECLARED_SELECTOR = YES;
				GCC_WARN_UNINITIALIZED_AUTOS = YES_AGGRESSIVE;
				GCC_WARN_UNUSED_FUNCTION = YES;
				GCC_WARN_UNUSED_VARIABLE = YES;
				IPHONEOS_DEPLOYMENT_TARGET = 14.2;
				MTL_ENABLE_DEBUG_INFO = INCLUDE_SOURCE;
				MTL_FAST_MATH = YES;
				ONLY_ACTIVE_ARCH = YES;
				SDKROOT = iphoneos;
				SWIFT_ACTIVE_COMPILATION_CONDITIONS = DEBUG;
				SWIFT_OPTIMIZATION_LEVEL = "-Onone";
			};
			name = Debug;
		};
		D5F0B616256DAA13003429E4 /* Release */ = {
			isa = XCBuildConfiguration;
			buildSettings = {
				ALWAYS_SEARCH_USER_PATHS = NO;
				CLANG_ANALYZER_NONNULL = YES;
				CLANG_ANALYZER_NUMBER_OBJECT_CONVERSION = YES_AGGRESSIVE;
				CLANG_CXX_LANGUAGE_STANDARD = "gnu++14";
				CLANG_CXX_LIBRARY = "libc++";
				CLANG_ENABLE_MODULES = YES;
				CLANG_ENABLE_OBJC_ARC = YES;
				CLANG_ENABLE_OBJC_WEAK = YES;
				CLANG_WARN_BLOCK_CAPTURE_AUTORELEASING = YES;
				CLANG_WARN_BOOL_CONVERSION = YES;
				CLANG_WARN_COMMA = YES;
				CLANG_WARN_CONSTANT_CONVERSION = YES;
				CLANG_WARN_DEPRECATED_OBJC_IMPLEMENTATIONS = YES;
				CLANG_WARN_DIRECT_OBJC_ISA_USAGE = YES_ERROR;
				CLANG_WARN_DOCUMENTATION_COMMENTS = YES;
				CLANG_WARN_EMPTY_BODY = YES;
				CLANG_WARN_ENUM_CONVERSION = YES;
				CLANG_WARN_INFINITE_RECURSION = YES;
				CLANG_WARN_INT_CONVERSION = YES;
				CLANG_WARN_NON_LITERAL_NULL_CONVERSION = YES;
				CLANG_WARN_OBJC_IMPLICIT_RETAIN_SELF = YES;
				CLANG_WARN_OBJC_LITERAL_CONVERSION = YES;
				CLANG_WARN_OBJC_ROOT_CLASS = YES_ERROR;
				CLANG_WARN_QUOTED_INCLUDE_IN_FRAMEWORK_HEADER = YES;
				CLANG_WARN_RANGE_LOOP_ANALYSIS = YES;
				CLANG_WARN_STRICT_PROTOTYPES = YES;
				CLANG_WARN_SUSPICIOUS_MOVE = YES;
				CLANG_WARN_UNGUARDED_AVAILABILITY = YES_AGGRESSIVE;
				CLANG_WARN_UNREACHABLE_CODE = YES;
				CLANG_WARN__DUPLICATE_METHOD_MATCH = YES;
				COPY_PHASE_STRIP = NO;
				DEBUG_INFORMATION_FORMAT = "dwarf-with-dsym";
				ENABLE_NS_ASSERTIONS = NO;
				ENABLE_STRICT_OBJC_MSGSEND = YES;
				GCC_C_LANGUAGE_STANDARD = gnu11;
				GCC_NO_COMMON_BLOCKS = YES;
				GCC_WARN_64_TO_32_BIT_CONVERSION = YES;
				GCC_WARN_ABOUT_RETURN_TYPE = YES_ERROR;
				GCC_WARN_UNDECLARED_SELECTOR = YES;
				GCC_WARN_UNINITIALIZED_AUTOS = YES_AGGRESSIVE;
				GCC_WARN_UNUSED_FUNCTION = YES;
				GCC_WARN_UNUSED_VARIABLE = YES;
				IPHONEOS_DEPLOYMENT_TARGET = 14.2;
				MTL_ENABLE_DEBUG_INFO = NO;
				MTL_FAST_MATH = YES;
				SDKROOT = iphoneos;
				SWIFT_COMPILATION_MODE = wholemodule;
				SWIFT_OPTIMIZATION_LEVEL = "-O";
				VALIDATE_PRODUCT = YES;
			};
			name = Release;
		};
		D5F0B618256DAA13003429E4 /* Debug */ = {
			isa = XCBuildConfiguration;
			buildSettings = {
				ASSETCATALOG_COMPILER_APPICON_NAME = AppIcon;
				ASSETCATALOG_COMPILER_GLOBAL_ACCENT_COLOR_NAME = AccentColor;
				CODE_SIGN_STYLE = Automatic;
				DEVELOPMENT_ASSET_PATHS = "\"SwiftUI-Animation/Build/Preview Content\"";
				DEVELOPMENT_TEAM = JM8BMXQ5NG;
				ENABLE_PREVIEWS = YES;
				INFOPLIST_FILE = "SwiftUI-Animation/Build/Info.plist";
				IPHONEOS_DEPLOYMENT_TARGET = 14.0;
				LD_RUNPATH_SEARCH_PATHS = (
					"$(inherited)",
					"@executable_path/Frameworks",
				);
				PRODUCT_BUNDLE_IDENTIFIER = "com.serafinennes.SwiftUI-Animation";
				PRODUCT_NAME = "$(TARGET_NAME)";
				SWIFT_VERSION = 5.0;
				TARGETED_DEVICE_FAMILY = "1,2";
			};
			name = Debug;
		};
		D5F0B619256DAA13003429E4 /* Release */ = {
			isa = XCBuildConfiguration;
			buildSettings = {
				ASSETCATALOG_COMPILER_APPICON_NAME = AppIcon;
				ASSETCATALOG_COMPILER_GLOBAL_ACCENT_COLOR_NAME = AccentColor;
				CODE_SIGN_STYLE = Automatic;
				DEVELOPMENT_ASSET_PATHS = "\"SwiftUI-Animation/Build/Preview Content\"";
				DEVELOPMENT_TEAM = JM8BMXQ5NG;
				ENABLE_PREVIEWS = YES;
				INFOPLIST_FILE = "SwiftUI-Animation/Build/Info.plist";
				IPHONEOS_DEPLOYMENT_TARGET = 14.0;
				LD_RUNPATH_SEARCH_PATHS = (
					"$(inherited)",
					"@executable_path/Frameworks",
				);
				PRODUCT_BUNDLE_IDENTIFIER = "com.serafinennes.SwiftUI-Animation";
				PRODUCT_NAME = "$(TARGET_NAME)";
				SWIFT_VERSION = 5.0;
				TARGETED_DEVICE_FAMILY = "1,2";
			};
			name = Release;
		};
/* End XCBuildConfiguration section */

/* Begin XCConfigurationList section */
		D5F0B603256DAA10003429E4 /* Build configuration list for PBXProject "SwiftUI-Animation" */ = {
			isa = XCConfigurationList;
			buildConfigurations = (
				D5F0B615256DAA13003429E4 /* Debug */,
				D5F0B616256DAA13003429E4 /* Release */,
			);
			defaultConfigurationIsVisible = 0;
			defaultConfigurationName = Release;
		};
		D5F0B617256DAA13003429E4 /* Build configuration list for PBXNativeTarget "SwiftUI-Animation" */ = {
			isa = XCConfigurationList;
			buildConfigurations = (
				D5F0B618256DAA13003429E4 /* Debug */,
				D5F0B619256DAA13003429E4 /* Release */,
			);
			defaultConfigurationIsVisible = 0;
			defaultConfigurationName = Release;
		};
/* End XCConfigurationList section */
	};
	rootObject = D5F0B600256DAA10003429E4 /* Project object */;
}
